
Microsoft Visual Studio Solution File, Format Version 12.00
# Visual Studio Version 17
VisualStudioVersion = 17.4.33205.214
MinimumVisualStudioVersion = 10.0.40219.1
Project("{FAE04EC0-301F-11D3-BF4B-00C04F79EFBC}") = "IndainCuisine", "IndainCuisine.csproj", "{A1FC0513-FCE1-43EC-AB5C-619B88F2CFBB}"
EndProject
Global
	GlobalSection(SolutionConfigurationPlatforms) = preSolution
		Debug|Any CPU = Debug|Any CPU
		Release|Any CPU = Release|Any CPU
	EndGlobalSection
	GlobalSection(ProjectConfigurationPlatforms) = postSolution
		{A1FC0513-FCE1-43EC-AB5C-619B88F2CFBB}.Debug|Any CPU.ActiveCfg = Debug|Any CPU
		{A1FC0513-FCE1-43EC-AB5C-619B88F2CFBB}.Debug|Any CPU.Build.0 = Debug|Any CPU
		{A1FC0513-FCE1-43EC-AB5C-619B88F2CFBB}.Release|Any CPU.ActiveCfg = Release|Any CPU
		{A1FC0513-FCE1-43EC-AB5C-619B88F2CFBB}.Release|Any CPU.Build.0 = Release|Any CPU
	EndGlobalSection
	GlobalSection(SolutionProperties) = preSolution
		HideSolutionNode = FALSE
	EndGlobalSection
	GlobalSection(ExtensibilityGlobals) = postSolution
		SolutionGuid = {41EA3CD4-CBE2-4788-81FD-3B0B8B803FDC}
	EndGlobalSection
EndGlobal
